
Microsoft Visual Studio Solution File, Format Version 12.00
# Visual Studio Version 17
VisualStudioVersion = 17.0.31903.59
MinimumVisualStudioVersion = 10.0.40219.1
Project("{2150E333-8FDC-42A3-9474-1A3956D46DE8}") = "src", "src", "{827E0CD3-B72D-47B6-A68D-7590B98EB39B}"
EndProject
Project("{FAE04EC0-301F-11D3-BF4B-00C04F79EFBC}") = "PezPez.Web", "src\PezPez.Web\PezPez.Web.csproj", "{B887FF66-1581-4773-97F8-3549699ACC26}"
EndProject
Project("{FAE04EC0-301F-11D3-BF4B-00C04F79EFBC}") = "PezPez.Api", "src\PezPez.Api\PezPez.Api.csproj", "{913255AA-CE4B-4700-8DB3-376E2CBA7ECC}"
EndProject
Project("{FAE04EC0-301F-11D3-BF4B-00C04F79EFBC}") = "PezPez.Application", "src\PezPez.Application\PezPez.Application.csproj", "{37F4E510-F958-4732-918E-6B9C7E8D84C7}"
EndProject
Project("{FAE04EC0-301F-11D3-BF4B-00C04F79EFBC}") = "PezPez.Domain", "src\PezPez.Domain\PezPez.Domain.csproj", "{981B740F-12CB-464D-943D-6F3588FD1F39}"
EndProject
Project("{FAE04EC0-301F-11D3-BF4B-00C04F79EFBC}") = "PezPez.Infrastructure", "src\PezPez.Infrastructure\PezPez.Infrastructure.csproj", "{AC681B3E-43AF-467A-A13F-9C3D804AA2EB}"
EndProject
Project("{2150E333-8FDC-42A3-9474-1A3956D46DE8}") = "tests", "tests", "{0AB3BF05-4346-4AA6-1389-037BE0695223}"
EndProject
Project("{FAE04EC0-301F-11D3-BF4B-00C04F79EFBC}") = "PezPez.Tests", "tests\PezPez.Tests\PezPez.Tests.csproj", "{584D132D-1BDB-40A4-8A47-681FB1CAFA98}"
EndProject
Project("{FAE04EC0-301F-11D3-BF4B-00C04F79EFBC}") = "PezPez.Shared", "src\PezPez.Shared\PezPez.Shared.csproj", "{33252981-0CB3-4409-BFFC-B3F8B5053405}"
EndProject
Global
	GlobalSection(SolutionConfigurationPlatforms) = preSolution
		Debug|Any CPU = Debug|Any CPU
		Debug|x64 = Debug|x64
		Debug|x86 = Debug|x86
		Release|Any CPU = Release|Any CPU
		Release|x64 = Release|x64
		Release|x86 = Release|x86
	EndGlobalSection
	GlobalSection(ProjectConfigurationPlatforms) = postSolution
		{B887FF66-1581-4773-97F8-3549699ACC26}.Debug|Any CPU.ActiveCfg = Debug|Any CPU
		{B887FF66-1581-4773-97F8-3549699ACC26}.Debug|Any CPU.Build.0 = Debug|Any CPU
		{B887FF66-1581-4773-97F8-3549699ACC26}.Debug|x64.ActiveCfg = Debug|Any CPU
		{B887FF66-1581-4773-97F8-3549699ACC26}.Debug|x64.Build.0 = Debug|Any CPU
		{B887FF66-1581-4773-97F8-3549699ACC26}.Debug|x86.ActiveCfg = Debug|Any CPU
		{B887FF66-1581-4773-97F8-3549699ACC26}.Debug|x86.Build.0 = Debug|Any CPU
		{B887FF66-1581-4773-97F8-3549699ACC26}.Release|Any CPU.ActiveCfg = Release|Any CPU
		{B887FF66-1581-4773-97F8-3549699ACC26}.Release|Any CPU.Build.0 = Release|Any CPU
		{B887FF66-1581-4773-97F8-3549699ACC26}.Release|x64.ActiveCfg = Release|Any CPU
		{B887FF66-1581-4773-97F8-3549699ACC26}.Release|x64.Build.0 = Release|Any CPU
		{B887FF66-1581-4773-97F8-3549699ACC26}.Release|x86.ActiveCfg = Release|Any CPU
		{B887FF66-1581-4773-97F8-3549699ACC26}.Release|x86.Build.0 = Release|Any CPU
		{913255AA-CE4B-4700-8DB3-376E2CBA7ECC}.Debug|Any CPU.ActiveCfg = Debug|Any CPU
		{913255AA-CE4B-4700-8DB3-376E2CBA7ECC}.Debug|Any CPU.Build.0 = Debug|Any CPU
		{913255AA-CE4B-4700-8DB3-376E2CBA7ECC}.Debug|x64.ActiveCfg = Debug|Any CPU
		{913255AA-CE4B-4700-8DB3-376E2CBA7ECC}.Debug|x64.Build.0 = Debug|Any CPU
		{913255AA-CE4B-4700-8DB3-376E2CBA7ECC}.Debug|x86.ActiveCfg = Debug|Any CPU
		{913255AA-CE4B-4700-8DB3-376E2CBA7ECC}.Debug|x86.Build.0 = Debug|Any CPU
		{913255AA-CE4B-4700-8DB3-376E2CBA7ECC}.Release|Any CPU.ActiveCfg = Release|Any CPU
		{913255AA-CE4B-4700-8DB3-376E2CBA7ECC}.Release|Any CPU.Build.0 = Release|Any CPU
		{913255AA-CE4B-4700-8DB3-376E2CBA7ECC}.Release|x64.ActiveCfg = Release|Any CPU
		{913255AA-CE4B-4700-8DB3-376E2CBA7ECC}.Release|x64.Build.0 = Release|Any CPU
		{913255AA-CE4B-4700-8DB3-376E2CBA7ECC}.Release|x86.ActiveCfg = Release|Any CPU
		{913255AA-CE4B-4700-8DB3-376E2CBA7ECC}.Release|x86.Build.0 = Release|Any CPU
		{37F4E510-F958-4732-918E-6B9C7E8D84C7}.Debug|Any CPU.ActiveCfg = Debug|Any CPU
		{37F4E510-F958-4732-918E-6B9C7E8D84C7}.Debug|Any CPU.Build.0 = Debug|Any CPU
		{37F4E510-F958-4732-918E-6B9C7E8D84C7}.Debug|x64.ActiveCfg = Debug|Any CPU
		{37F4E510-F958-4732-918E-6B9C7E8D84C7}.Debug|x64.Build.0 = Debug|Any CPU
		{37F4E510-F958-4732-918E-6B9C7E8D84C7}.Debug|x86.ActiveCfg = Debug|Any CPU
		{37F4E510-F958-4732-918E-6B9C7E8D84C7}.Debug|x86.Build.0 = Debug|Any CPU
		{37F4E510-F958-4732-918E-6B9C7E8D84C7}.Release|Any CPU.ActiveCfg = Release|Any CPU
		{37F4E510-F958-4732-918E-6B9C7E8D84C7}.Release|Any CPU.Build.0 = Release|Any CPU
		{37F4E510-F958-4732-918E-6B9C7E8D84C7}.Release|x64.ActiveCfg = Release|Any CPU
		{37F4E510-F958-4732-918E-6B9C7E8D84C7}.Release|x64.Build.0 = Release|Any CPU
		{37F4E510-F958-4732-918E-6B9C7E8D84C7}.Release|x86.ActiveCfg = Release|Any CPU
		{37F4E510-F958-4732-918E-6B9C7E8D84C7}.Release|x86.Build.0 = Release|Any CPU
		{981B740F-12CB-464D-943D-6F3588FD1F39}.Debug|Any CPU.ActiveCfg = Debug|Any CPU
		{981B740F-12CB-464D-943D-6F3588FD1F39}.Debug|Any CPU.Build.0 = Debug|Any CPU
		{981B740F-12CB-464D-943D-6F3588FD1F39}.Debug|x64.ActiveCfg = Debug|Any CPU
		{981B740F-12CB-464D-943D-6F3588FD1F39}.Debug|x64.Build.0 = Debug|Any CPU
		{981B740F-12CB-464D-943D-6F3588FD1F39}.Debug|x86.ActiveCfg = Debug|Any CPU
		{981B740F-12CB-464D-943D-6F3588FD1F39}.Debug|x86.Build.0 = Debug|Any CPU
		{981B740F-12CB-464D-943D-6F3588FD1F39}.Release|Any CPU.ActiveCfg = Release|Any CPU
		{981B740F-12CB-464D-943D-6F3588FD1F39}.Release|Any CPU.Build.0 = Release|Any CPU
		{981B740F-12CB-464D-943D-6F3588FD1F39}.Release|x64.ActiveCfg = Release|Any CPU
		{981B740F-12CB-464D-943D-6F3588FD1F39}.Release|x64.Build.0 = Release|Any CPU
		{981B740F-12CB-464D-943D-6F3588FD1F39}.Release|x86.ActiveCfg = Release|Any CPU
		{981B740F-12CB-464D-943D-6F3588FD1F39}.Release|x86.Build.0 = Release|Any CPU
		{AC681B3E-43AF-467A-A13F-9C3D804AA2EB}.Debug|Any CPU.ActiveCfg = Debug|Any CPU
		{AC681B3E-43AF-467A-A13F-9C3D804AA2EB}.Debug|Any CPU.Build.0 = Debug|Any CPU
		{AC681B3E-43AF-467A-A13F-9C3D804AA2EB}.Debug|x64.ActiveCfg = Debug|Any CPU
		{AC681B3E-43AF-467A-A13F-9C3D804AA2EB}.Debug|x64.Build.0 = Debug|Any CPU
		{AC681B3E-43AF-467A-A13F-9C3D804AA2EB}.Debug|x86.ActiveCfg = Debug|Any CPU
		{AC681B3E-43AF-467A-A13F-9C3D804AA2EB}.Debug|x86.Build.0 = Debug|Any CPU
		{AC681B3E-43AF-467A-A13F-9C3D804AA2EB}.Release|Any CPU.ActiveCfg = Release|Any CPU
		{AC681B3E-43AF-467A-A13F-9C3D804AA2EB}.Release|Any CPU.Build.0 = Release|Any CPU
		{AC681B3E-43AF-467A-A13F-9C3D804AA2EB}.Release|x64.ActiveCfg = Release|Any CPU
		{AC681B3E-43AF-467A-A13F-9C3D804AA2EB}.Release|x64.Build.0 = Release|Any CPU
		{AC681B3E-43AF-467A-A13F-9C3D804AA2EB}.Release|x86.ActiveCfg = Release|Any CPU
		{AC681B3E-43AF-467A-A13F-9C3D804AA2EB}.Release|x86.Build.0 = Release|Any CPU
		{584D132D-1BDB-40A4-8A47-681FB1CAFA98}.Debug|Any CPU.ActiveCfg = Debug|Any CPU
		{584D132D-1BDB-40A4-8A47-681FB1CAFA98}.Debug|Any CPU.Build.0 = Debug|Any CPU
		{584D132D-1BDB-40A4-8A47-681FB1CAFA98}.Debug|x64.ActiveCfg = Debug|Any CPU
		{584D132D-1BDB-40A4-8A47-681FB1CAFA98}.Debug|x64.Build.0 = Debug|Any CPU
		{584D132D-1BDB-40A4-8A47-681FB1CAFA98}.Debug|x86.ActiveCfg = Debug|Any CPU
		{584D132D-1BDB-40A4-8A47-681FB1CAFA98}.Debug|x86.Build.0 = Debug|Any CPU
		{584D132D-1BDB-40A4-8A47-681FB1CAFA98}.Release|Any CPU.ActiveCfg = Release|Any CPU
		{584D132D-1BDB-40A4-8A47-681FB1CAFA98}.Release|Any CPU.Build.0 = Release|Any CPU
		{584D132D-1BDB-40A4-8A47-681FB1CAFA98}.Release|x64.ActiveCfg = Release|Any CPU
		{584D132D-1BDB-40A4-8A47-681FB1CAFA98}.Release|x64.Build.0 = Release|Any CPU
		{584D132D-1BDB-40A4-8A47-681FB1CAFA98}.Release|x86.ActiveCfg = Release|Any CPU
		{584D132D-1BDB-40A4-8A47-681FB1CAFA98}.Release|x86.Build.0 = Release|Any CPU
		{33252981-0CB3-4409-BFFC-B3F8B5053405}.Debug|Any CPU.ActiveCfg = Debug|Any CPU
		{33252981-0CB3-4409-BFFC-B3F8B5053405}.Debug|Any CPU.Build.0 = Debug|Any CPU
		{33252981-0CB3-4409-BFFC-B3F8B5053405}.Debug|x64.ActiveCfg = Debug|Any CPU
		{33252981-0CB3-4409-BFFC-B3F8B5053405}.Debug|x64.Build.0 = Debug|Any CPU
		{33252981-0CB3-4409-BFFC-B3F8B5053405}.Debug|x86.ActiveCfg = Debug|Any CPU
		{33252981-0CB3-4409-BFFC-B3F8B5053405}.Debug|x86.Build.0 = Debug|Any CPU
		{33252981-0CB3-4409-BFFC-B3F8B5053405}.Release|Any CPU.ActiveCfg = Release|Any CPU
		{33252981-0CB3-4409-BFFC-B3F8B5053405}.Release|Any CPU.Build.0 = Release|Any CPU
		{33252981-0CB3-4409-BFFC-B3F8B5053405}.Release|x64.ActiveCfg = Release|Any CPU
		{33252981-0CB3-4409-BFFC-B3F8B5053405}.Release|x64.Build.0 = Release|Any CPU
		{33252981-0CB3-4409-BFFC-B3F8B5053405}.Release|x86.ActiveCfg = Release|Any CPU
		{33252981-0CB3-4409-BFFC-B3F8B5053405}.Release|x86.Build.0 = Release|Any CPU
	EndGlobalSection
	GlobalSection(SolutionProperties) = preSolution
		HideSolutionNode = FALSE
	EndGlobalSection
	GlobalSection(NestedProjects) = preSolution
		{B887FF66-1581-4773-97F8-3549699ACC26} = {827E0CD3-B72D-47B6-A68D-7590B98EB39B}
		{913255AA-CE4B-4700-8DB3-376E2CBA7ECC} = {827E0CD3-B72D-47B6-A68D-7590B98EB39B}
		{37F4E510-F958-4732-918E-6B9C7E8D84C7} = {827E0CD3-B72D-47B6-A68D-7590B98EB39B}
		{981B740F-12CB-464D-943D-6F3588FD1F39} = {827E0CD3-B72D-47B6-A68D-7590B98EB39B}
		{AC681B3E-43AF-467A-A13F-9C3D804AA2EB} = {827E0CD3-B72D-47B6-A68D-7590B98EB39B}
		{584D132D-1BDB-40A4-8A47-681FB1CAFA98} = {0AB3BF05-4346-4AA6-1389-037BE0695223}
		{33252981-0CB3-4409-BFFC-B3F8B5053405} = {827E0CD3-B72D-47B6-A68D-7590B98EB39B}
	EndGlobalSection
EndGlobal
